
Microsoft Visual Studio Solution File, Format Version 12.00
# Visual Studio Version 16
VisualStudioVersion = 16.0.32428.217
MinimumVisualStudioVersion = 10.0.40219.1
Project("{FAE04EC0-301F-11D3-BF4B-00C04F79EFBC}") = "Router", "Router\Router.csproj", "{5B46E43C-A3F4-436D-9BD5-56DA06BD8A23}"
EndProject
Global
	GlobalSection(SolutionConfigurationPlatforms) = preSolution
		Debug|Any CPU = Debug|Any CPU
		Release|Any CPU = Release|Any CPU
	EndGlobalSection
	GlobalSection(ProjectConfigurationPlatforms) = postSolution
		{5B46E43C-A3F4-436D-9BD5-56DA06BD8A23}.Debug|Any CPU.ActiveCfg = Debug|Any CPU
		{5B46E43C-A3F4-436D-9BD5-56DA06BD8A23}.Debug|Any CPU.Build.0 = Debug|Any CPU
		{5B46E43C-A3F4-436D-9BD5-56DA06BD8A23}.Release|Any CPU.ActiveCfg = Release|Any CPU
		{5B46E43C-A3F4-436D-9BD5-56DA06BD8A23}.Release|Any CPU.Build.0 = Release|Any CPU
	EndGlobalSection
	GlobalSection(SolutionProperties) = preSolution
		HideSolutionNode = FALSE
	EndGlobalSection
	GlobalSection(ExtensibilityGlobals) = postSolution
		SolutionGuid = {3D18B1DD-6F93-4367-90B3-8C83C3AED1F1}
	EndGlobalSection
EndGlobal
